
Microsoft Visual Studio Solution File, Format Version 12.00
# Visual Studio Version 16
VisualStudioVersion = 16.0.31729.503
MinimumVisualStudioVersion = 10.0.40219.1
Project("{FAE04EC0-301F-11D3-BF4B-00C04F79EFBC}") = "SankeAndLadder", "SankeAndLadder\SankeAndLadder.csproj", "{E1FEE35B-CC67-46B5-A9D6-20AEA11F7EBB}"
EndProject
Global
	GlobalSection(SolutionConfigurationPlatforms) = preSolution
		Debug|Any CPU = Debug|Any CPU
		Release|Any CPU = Release|Any CPU
	EndGlobalSection
	GlobalSection(ProjectConfigurationPlatforms) = postSolution
		{E1FEE35B-CC67-46B5-A9D6-20AEA11F7EBB}.Debug|Any CPU.ActiveCfg = Debug|Any CPU
		{E1FEE35B-CC67-46B5-A9D6-20AEA11F7EBB}.Debug|Any CPU.Build.0 = Debug|Any CPU
		{E1FEE35B-CC67-46B5-A9D6-20AEA11F7EBB}.Release|Any CPU.ActiveCfg = Release|Any CPU
		{E1FEE35B-CC67-46B5-A9D6-20AEA11F7EBB}.Release|Any CPU.Build.0 = Release|Any CPU
	EndGlobalSection
	GlobalSection(SolutionProperties) = preSolution
		HideSolutionNode = FALSE
	EndGlobalSection
	GlobalSection(ExtensibilityGlobals) = postSolution
		SolutionGuid = {25D26A01-3D58-49C8-8A4B-D4AA28B9868E}
	EndGlobalSection
EndGlobal
